
Microsoft Visual Studio Solution File, Format Version 12.00
# Visual Studio Version 17
VisualStudioVersion = 17.0.31903.59
MinimumVisualStudioVersion = 10.0.40219.1
Project("{FAE04EC0-301F-11D3-BF4B-00C04F79EFBC}") = "ApiA", "api-a\ApiA.csproj", "{B92CF1D6-2BDC-40FC-8B21-A31A2D672B86}"
EndProject
Project("{FAE04EC0-301F-11D3-BF4B-00C04F79EFBC}") = "ApiB", "api-b\ApiB.csproj", "{3DF0F5A7-7863-4574-AF27-3F2BDA44AD9B}"
EndProject
Project("{FAE04EC0-301F-11D3-BF4B-00C04F79EFBC}") = "Api3", "api-3\Api3.csproj", "{12EF2B7A-6574-47DF-B858-52A2F28C4459}"
EndProject
Project("{FAE04EC0-301F-11D3-BF4B-00C04F79EFBC}") = "Api4", "api-4\Api4.csproj", "{D78439E8-9308-4B1A-8139-CF831C1AA9C9}"
EndProject
Global
	GlobalSection(SolutionConfigurationPlatforms) = preSolution
		Debug|Any CPU = Debug|Any CPU
		Release|Any CPU = Release|Any CPU
	EndGlobalSection
	GlobalSection(SolutionProperties) = preSolution
		HideSolutionNode = FALSE
	EndGlobalSection
	GlobalSection(ProjectConfigurationPlatforms) = postSolution
		{B92CF1D6-2BDC-40FC-8B21-A31A2D672B86}.Debug|Any CPU.ActiveCfg = Debug|Any CPU
		{B92CF1D6-2BDC-40FC-8B21-A31A2D672B86}.Debug|Any CPU.Build.0 = Debug|Any CPU
		{B92CF1D6-2BDC-40FC-8B21-A31A2D672B86}.Release|Any CPU.ActiveCfg = Release|Any CPU
		{B92CF1D6-2BDC-40FC-8B21-A31A2D672B86}.Release|Any CPU.Build.0 = Release|Any CPU
		{3DF0F5A7-7863-4574-AF27-3F2BDA44AD9B}.Debug|Any CPU.ActiveCfg = Debug|Any CPU
		{3DF0F5A7-7863-4574-AF27-3F2BDA44AD9B}.Debug|Any CPU.Build.0 = Debug|Any CPU
		{3DF0F5A7-7863-4574-AF27-3F2BDA44AD9B}.Release|Any CPU.ActiveCfg = Release|Any CPU
		{3DF0F5A7-7863-4574-AF27-3F2BDA44AD9B}.Release|Any CPU.Build.0 = Release|Any CPU
		{12EF2B7A-6574-47DF-B858-52A2F28C4459}.Debug|Any CPU.ActiveCfg = Debug|Any CPU
		{12EF2B7A-6574-47DF-B858-52A2F28C4459}.Debug|Any CPU.Build.0 = Debug|Any CPU
		{12EF2B7A-6574-47DF-B858-52A2F28C4459}.Release|Any CPU.ActiveCfg = Release|Any CPU
		{12EF2B7A-6574-47DF-B858-52A2F28C4459}.Release|Any CPU.Build.0 = Release|Any CPU
		{D78439E8-9308-4B1A-8139-CF831C1AA9C9}.Debug|Any CPU.ActiveCfg = Debug|Any CPU
		{D78439E8-9308-4B1A-8139-CF831C1AA9C9}.Debug|Any CPU.Build.0 = Debug|Any CPU
		{D78439E8-9308-4B1A-8139-CF831C1AA9C9}.Release|Any CPU.ActiveCfg = Release|Any CPU
		{D78439E8-9308-4B1A-8139-CF831C1AA9C9}.Release|Any CPU.Build.0 = Release|Any CPU
	EndGlobalSection
EndGlobal
